
Microsoft Visual Studio Solution File, Format Version 12.00
# Visual Studio Version 16
VisualStudioVersion = 16.0.31129.286
MinimumVisualStudioVersion = 10.0.40219.1
Project("{FAE04EC0-301F-11D3-BF4B-00C04F79EFBC}") = "Lab_7_pacman", "Lab_7_pacman.csproj", "{40DB65E2-1ABE-4296-9143-69A53A37920B}"
EndProject
Global
	GlobalSection(SolutionConfigurationPlatforms) = preSolution
		Debug|Any CPU = Debug|Any CPU
		Release|Any CPU = Release|Any CPU
	EndGlobalSection
	GlobalSection(ProjectConfigurationPlatforms) = postSolution
		{40DB65E2-1ABE-4296-9143-69A53A37920B}.Debug|Any CPU.ActiveCfg = Debug|Any CPU
		{40DB65E2-1ABE-4296-9143-69A53A37920B}.Debug|Any CPU.Build.0 = Debug|Any CPU
		{40DB65E2-1ABE-4296-9143-69A53A37920B}.Release|Any CPU.ActiveCfg = Release|Any CPU
		{40DB65E2-1ABE-4296-9143-69A53A37920B}.Release|Any CPU.Build.0 = Release|Any CPU
	EndGlobalSection
	GlobalSection(SolutionProperties) = preSolution
		HideSolutionNode = FALSE
	EndGlobalSection
	GlobalSection(ExtensibilityGlobals) = postSolution
		SolutionGuid = {3F042AD3-9CEB-45F2-8E3D-2643C641EC23}
	EndGlobalSection
EndGlobal
